
Microsoft Visual Studio Solution File, Format Version 12.00
# Visual Studio Version 16
VisualStudioVersion = 16.0.32002.261
MinimumVisualStudioVersion = 10.0.40219.1
Project("{9A19103F-16F7-4668-BE54-9A1E7A4F7556}") = "HangfireTemplate", "HangfireTemplate\HangfireTemplate.csproj", "{D37F1AAF-B598-41F6-A8B7-562709A4508F}"
EndProject
Global
	GlobalSection(SolutionConfigurationPlatforms) = preSolution
		Debug|Any CPU = Debug|Any CPU
		Release|Any CPU = Release|Any CPU
	EndGlobalSection
	GlobalSection(ProjectConfigurationPlatforms) = postSolution
		{D37F1AAF-B598-41F6-A8B7-562709A4508F}.Debug|Any CPU.ActiveCfg = Debug|Any CPU
		{D37F1AAF-B598-41F6-A8B7-562709A4508F}.Debug|Any CPU.Build.0 = Debug|Any CPU
		{D37F1AAF-B598-41F6-A8B7-562709A4508F}.Release|Any CPU.ActiveCfg = Release|Any CPU
		{D37F1AAF-B598-41F6-A8B7-562709A4508F}.Release|Any CPU.Build.0 = Release|Any CPU
	EndGlobalSection
	GlobalSection(SolutionProperties) = preSolution
		HideSolutionNode = FALSE
	EndGlobalSection
	GlobalSection(ExtensibilityGlobals) = postSolution
		SolutionGuid = {0F7A3864-4C0F-40D4-B7F2-9C065BD6D426}
	EndGlobalSection
EndGlobal
